
Microsoft Visual Studio Solution File, Format Version 12.00
# Visual Studio Version 16
VisualStudioVersion = 16.0.30413.136
MinimumVisualStudioVersion = 10.0.40219.1
Project("{FAE04EC0-301F-11D3-BF4B-00C04F79EFBC}") = "Test_Metody", "Test_Metody\Test_Metody.csproj", "{93E14F0F-36E1-4EE3-8A09-226442C9F4BF}"
EndProject
Global
	GlobalSection(SolutionConfigurationPlatforms) = preSolution
		Debug|Any CPU = Debug|Any CPU
		Release|Any CPU = Release|Any CPU
	EndGlobalSection
	GlobalSection(ProjectConfigurationPlatforms) = postSolution
		{93E14F0F-36E1-4EE3-8A09-226442C9F4BF}.Debug|Any CPU.ActiveCfg = Debug|Any CPU
		{93E14F0F-36E1-4EE3-8A09-226442C9F4BF}.Debug|Any CPU.Build.0 = Debug|Any CPU
		{93E14F0F-36E1-4EE3-8A09-226442C9F4BF}.Release|Any CPU.ActiveCfg = Release|Any CPU
		{93E14F0F-36E1-4EE3-8A09-226442C9F4BF}.Release|Any CPU.Build.0 = Release|Any CPU
	EndGlobalSection
	GlobalSection(SolutionProperties) = preSolution
		HideSolutionNode = FALSE
	EndGlobalSection
	GlobalSection(ExtensibilityGlobals) = postSolution
		SolutionGuid = {1413485E-C82A-4045-8B76-C34BF19A14B2}
	EndGlobalSection
EndGlobal
